<?xml version="1.0" encoding="utf-8"?>
<Project ToolsVersion="4.0" xmlns="http://schemas.microsoft.com/developer/msbuild/2003">
  <ItemGroup>
    <Filter Include="Source Files">
      <UniqueIdentifier>{4FC737F1-C7A5-4376-A066-2A32D752A2FF}</UniqueIdentifier>
      <Extensions>cpp;cxx;c;def</Extensions>
    </Filter>
    <Filter Include="Header Files">
      <UniqueIdentifier>{93995380-89BD-4b04-88EB-625FBE52EBFB}</UniqueIdentifier>
      <Extensions>h</Extensions>
    </Filter>
    <Filter Include="Form Files">
      <UniqueIdentifier>{99349809-55BA-4b9d-BF79-8FDBB0286EB3}</UniqueIdentifier>
      <Extensions>ui</Extensions>
    </Filter>
    <Filter Include="Resource Files">
      <UniqueIdentifier>{D9D6E242-F8AF-46E4-B9FD-80ECBC20BA3E}</UniqueIdentifier>
      <Extensions>qrc;*</Extensions>
      <ParseFiles>false</ParseFiles>
    </Filter>
    <Filter Include="Generated Files">
      <UniqueIdentifier>{71ED8ED8-ACB9-4CE9-BBE1-E00B30144E11}</UniqueIdentifier>
      <Extensions>moc;h;cpp</Extensions>
      <SourceControlFiles>False</SourceControlFiles>
    </Filter>
    <Filter Include="Generated Files\Debug">
      <UniqueIdentifier>{1ad6073d-3447-48e6-b35b-fe5e29d54f69}</UniqueIdentifier>
      <Extensions>cpp;moc</Extensions>
      <SourceControlFiles>False</SourceControlFiles>
    </Filter>
    <Filter Include="Generated Files\Release">
      <UniqueIdentifier>{671910c9-1b25-4f81-b3ee-c2b14e81864d}</UniqueIdentifier>
      <Extensions>cpp;moc</Extensions>
      <SourceControlFiles>False</SourceControlFiles>
    </Filter>
    <Filter Include="RegisterDialog">
      <UniqueIdentifier>{e03b938d-e64c-4fbf-8f3a-dca81e1fd32a}</UniqueIdentifier>
    </Filter>
    <Filter Include="MainFrame">
      <UniqueIdentifier>{33d160bf-ebfd-4730-bd71-bf292d98d64d}</UniqueIdentifier>
    </Filter>
    <Filter Include="ToolClass">
      <UniqueIdentifier>{7009b621-5565-49d1-a782-d3fdb4f958ee}</UniqueIdentifier>
    </Filter>
  </ItemGroup>
  <ItemGroup>
    <ClCompile Include="main.cpp">
      <Filter>Source Files</Filter>
    </ClCompile>
    <ClCompile Include="graduates.cpp">
      <Filter>Source Files</Filter>
    </ClCompile>
    <ClCompile Include="GeneratedFiles\Debug\moc_graduates.cpp">
      <Filter>Generated Files\Debug</Filter>
    </ClCompile>
    <ClCompile Include="GeneratedFiles\Release\moc_graduates.cpp">
      <Filter>Generated Files\Release</Filter>
    </ClCompile>
    <ClCompile Include="GeneratedFiles\qrc_graduates.cpp">
      <Filter>Generated Files</Filter>
    </ClCompile>
    <ClCompile Include="RegisterDlialog\RegisterDialog.cpp">
      <Filter>RegisterDialog</Filter>
    </ClCompile>
    <ClCompile Include="GeneratedFiles\Debug\moc_RegisterDialog.cpp">
      <Filter>Generated Files\Debug</Filter>
    </ClCompile>
    <ClCompile Include="GeneratedFiles\Release\moc_RegisterDialog.cpp">
      <Filter>Generated Files\Release</Filter>
    </ClCompile>
    <ClCompile Include="RegisterDlialog\Login.cpp">
      <Filter>RegisterDialog</Filter>
    </ClCompile>
    <ClCompile Include="GeneratedFiles\Debug\moc_Login.cpp">
      <Filter>Generated Files\Debug</Filter>
    </ClCompile>
    <ClCompile Include="GeneratedFiles\Release\moc_Login.cpp">
      <Filter>Generated Files\Release</Filter>
    </ClCompile>
    <ClCompile Include="MainFrame\ClassManage.cpp">
      <Filter>MainFrame</Filter>
    </ClCompile>
    <ClCompile Include="GeneratedFiles\Debug\moc_ClassManage.cpp">
      <Filter>Generated Files\Debug</Filter>
    </ClCompile>
    <ClCompile Include="GeneratedFiles\Release\moc_ClassManage.cpp">
      <Filter>Generated Files\Release</Filter>
    </ClCompile>
    <ClCompile Include="MainFrame\Infosearch.cpp">
      <Filter>MainFrame</Filter>
    </ClCompile>
    <ClCompile Include="GeneratedFiles\Debug\moc_Infosearch.cpp">
      <Filter>Generated Files\Debug</Filter>
    </ClCompile>
    <ClCompile Include="GeneratedFiles\Release\moc_Infosearch.cpp">
      <Filter>Generated Files\Release</Filter>
    </ClCompile>
    <ClCompile Include="MainFrame\LeaveMessage.cpp">
      <Filter>MainFrame</Filter>
    </ClCompile>
    <ClCompile Include="GeneratedFiles\Debug\moc_LeaveMessage.cpp">
      <Filter>Generated Files\Debug</Filter>
    </ClCompile>
    <ClCompile Include="GeneratedFiles\Release\moc_LeaveMessage.cpp">
      <Filter>Generated Files\Release</Filter>
    </ClCompile>
    <ClCompile Include="MainFrame\MainWidget.cpp">
      <Filter>MainFrame</Filter>
    </ClCompile>
    <ClCompile Include="GeneratedFiles\Debug\moc_MainWidget.cpp">
      <Filter>Generated Files\Debug</Filter>
    </ClCompile>
    <ClCompile Include="GeneratedFiles\Release\moc_MainWidget.cpp">
      <Filter>Generated Files\Release</Filter>
    </ClCompile>
    <ClCompile Include="MainFrame\PersonalInfo.cpp">
      <Filter>MainFrame</Filter>
    </ClCompile>
    <ClCompile Include="GeneratedFiles\Debug\moc_PersonalInfo.cpp">
      <Filter>Generated Files\Debug</Filter>
    </ClCompile>
    <ClCompile Include="GeneratedFiles\Release\moc_PersonalInfo.cpp">
      <Filter>Generated Files\Release</Filter>
    </ClCompile>
    <ClCompile Include="RegisterDlialog\linklabel.cpp">
      <Filter>RegisterDialog</Filter>
    </ClCompile>
    <ClCompile Include="GeneratedFiles\Debug\moc_linklabel.cpp">
      <Filter>Generated Files\Debug</Filter>
    </ClCompile>
    <ClCompile Include="GeneratedFiles\Release\moc_linklabel.cpp">
      <Filter>Generated Files\Release</Filter>
    </ClCompile>
    <ClCompile Include="ToolClass\DataBaseOpt.cpp">
      <Filter>ToolClass</Filter>
    </ClCompile>
    <ClCompile Include="MainFrame\TR.cpp">
      <Filter>MainFrame</Filter>
    </ClCompile>
    <ClCompile Include="ToolClass\ToolClass.cpp">
      <Filter>ToolClass</Filter>
    </ClCompile>
    <ClCompile Include="GeneratedFiles\Debug\moc_ToolClass.cpp">
      <Filter>Generated Files\Debug</Filter>
    </ClCompile>
    <ClCompile Include="GeneratedFiles\Release\moc_ToolClass.cpp">
      <Filter>Generated Files\Release</Filter>
    </ClCompile>
  </ItemGroup>
  <ItemGroup>
    <CustomBuild Include="graduates.h">
      <Filter>Header Files</Filter>
    </CustomBuild>
    <CustomBuild Include="graduates.ui">
      <Filter>Form Files</Filter>
    </CustomBuild>
    <CustomBuild Include="graduates.qrc">
      <Filter>Resource Files</Filter>
    </CustomBuild>
    <CustomBuild Include="RegisterDlialog\RegisterDialog.h">
      <Filter>RegisterDialog</Filter>
    </CustomBuild>
    <CustomBuild Include="RegisterDlialog\Login.h">
      <Filter>RegisterDialog</Filter>
    </CustomBuild>
    <CustomBuild Include="MainFrame\ClassManage.h">
      <Filter>MainFrame</Filter>
    </CustomBuild>
    <CustomBuild Include="MainFrame\Infosearch.h">
      <Filter>MainFrame</Filter>
    </CustomBuild>
    <CustomBuild Include="MainFrame\LeaveMessage.h">
      <Filter>MainFrame</Filter>
    </CustomBuild>
    <CustomBuild Include="MainFrame\MainWidget.h">
      <Filter>MainFrame</Filter>
    </CustomBuild>
    <CustomBuild Include="MainFrame\PersonalInfo.h">
      <Filter>MainFrame</Filter>
    </CustomBuild>
    <CustomBuild Include="RegisterDlialog\linklabel.h">
      <Filter>RegisterDialog</Filter>
    </CustomBuild>
    <CustomBuild Include="ToolClass\ToolClass.h">
      <Filter>ToolClass</Filter>
    </CustomBuild>
  </ItemGroup>
  <ItemGroup>
    <ClInclude Include="GeneratedFiles\ui_graduates.h">
      <Filter>Generated Files</Filter>
    </ClInclude>
    <ClInclude Include="MainFrame\TR.h">
      <Filter>MainFrame</Filter>
    </ClInclude>
    <ClInclude Include="ToolClass\DataBaseOpt.h">
      <Filter>ToolClass</Filter>
    </ClInclude>
  </ItemGroup>
</Project>